
Microsoft Visual Studio Solution File, Format Version 12.00
# Visual Studio 15
VisualStudioVersion = 15.0.28307.852
MinimumVisualStudioVersion = 10.0.40219.1
Project("{FAE04EC0-301F-11D3-BF4B-00C04F79EFBC}") = "Smarthouse NotifySecurity", "Smarthouse NotifySecurity.csproj", "{946A6AD1-226B-4090-850A-0EDDB4B96334}"
EndProject
Project("{54435603-DBB4-11D2-8724-00A0C9A8B90C}") = "NotifySecurityInstaller", "NotifySecurityInstaller\NotifySecurityInstaller.vdproj", "{0E5A1DA1-9B4B-4C93-A004-81CB82807ED8}"
EndProject
Global
	GlobalSection(SolutionConfigurationPlatforms) = preSolution
		Debug|Any CPU = Debug|Any CPU
		Debug|x86 = Debug|x86
		Release|Any CPU = Release|Any CPU
		Release|x86 = Release|x86
	EndGlobalSection
	GlobalSection(ProjectConfigurationPlatforms) = postSolution
		{946A6AD1-226B-4090-850A-0EDDB4B96334}.Debug|Any CPU.ActiveCfg = Debug|Any CPU
		{946A6AD1-226B-4090-850A-0EDDB4B96334}.Debug|Any CPU.Build.0 = Debug|Any CPU
		{946A6AD1-226B-4090-850A-0EDDB4B96334}.Debug|x86.ActiveCfg = Debug|Any CPU
		{946A6AD1-226B-4090-850A-0EDDB4B96334}.Debug|x86.Build.0 = Debug|Any CPU
		{946A6AD1-226B-4090-850A-0EDDB4B96334}.Release|Any CPU.ActiveCfg = Release|Any CPU
		{946A6AD1-226B-4090-850A-0EDDB4B96334}.Release|Any CPU.Build.0 = Release|Any CPU
		{946A6AD1-226B-4090-850A-0EDDB4B96334}.Release|x86.ActiveCfg = Release|Any CPU
		{946A6AD1-226B-4090-850A-0EDDB4B96334}.Release|x86.Build.0 = Release|Any CPU
		{0E5A1DA1-9B4B-4C93-A004-81CB82807ED8}.Debug|Any CPU.ActiveCfg = Debug
		{0E5A1DA1-9B4B-4C93-A004-81CB82807ED8}.Debug|x86.ActiveCfg = Debug
		{0E5A1DA1-9B4B-4C93-A004-81CB82807ED8}.Release|Any CPU.ActiveCfg = Release
		{0E5A1DA1-9B4B-4C93-A004-81CB82807ED8}.Release|x86.ActiveCfg = Release
	EndGlobalSection
	GlobalSection(SolutionProperties) = preSolution
		HideSolutionNode = FALSE
	EndGlobalSection
	GlobalSection(ExtensibilityGlobals) = postSolution
		SolutionGuid = {DEDBBCF2-8635-4A33-B5A8-D1D737AE62DC}
	EndGlobalSection
EndGlobal
